
Microsoft Visual Studio Solution File, Format Version 12.00
# Visual Studio Version 16
VisualStudioVersion = 16.0.31410.357
MinimumVisualStudioVersion = 10.0.40219.1
Project("{FAE04EC0-301F-11D3-BF4B-00C04F79EFBC}") = "exerciciosSemaniasAula4", "exerciciosSemaniasAula4\exerciciosSemaniasAula4.csproj", "{4CBF1B89-CC09-405B-87E4-F1B655B177F7}"
EndProject
Project("{FAE04EC0-301F-11D3-BF4B-00C04F79EFBC}") = "exerciciosSemanisAula4-2", "exerciciosSemanisAula4-2\exerciciosSemanisAula4-2.csproj", "{CC31A390-9142-46A4-825A-066DD83EB7A8}"
EndProject
Project("{FAE04EC0-301F-11D3-BF4B-00C04F79EFBC}") = "Exercico1050", "Exercico1050\Exercico1050.csproj", "{CF228858-DB7F-4A51-BEDE-E47330691912}"
EndProject
Project("{FAE04EC0-301F-11D3-BF4B-00C04F79EFBC}") = "Exercicio1052", "Exercicio1052\Exercicio1052.csproj", "{C901CF97-0DBD-484C-8DBC-F20379BD8433}"
EndProject
Project("{FAE04EC0-301F-11D3-BF4B-00C04F79EFBC}") = "ClasseMes", "ClasseMes\ClasseMes.csproj", "{0DE98D12-9B29-4AEF-AF65-EDFF706C4E3F}"
EndProject
Project("{FAE04EC0-301F-11D3-BF4B-00C04F79EFBC}") = "Exercicio1064", "Exercicio1064\Exercicio1064.csproj", "{864F3421-E948-4A5A-BBD1-0A82D71C66E3}"
EndProject
Global
	GlobalSection(SolutionConfigurationPlatforms) = preSolution
		Debug|Any CPU = Debug|Any CPU
		Release|Any CPU = Release|Any CPU
	EndGlobalSection
	GlobalSection(ProjectConfigurationPlatforms) = postSolution
		{4CBF1B89-CC09-405B-87E4-F1B655B177F7}.Debug|Any CPU.ActiveCfg = Debug|Any CPU
		{4CBF1B89-CC09-405B-87E4-F1B655B177F7}.Debug|Any CPU.Build.0 = Debug|Any CPU
		{4CBF1B89-CC09-405B-87E4-F1B655B177F7}.Release|Any CPU.ActiveCfg = Release|Any CPU
		{4CBF1B89-CC09-405B-87E4-F1B655B177F7}.Release|Any CPU.Build.0 = Release|Any CPU
		{CC31A390-9142-46A4-825A-066DD83EB7A8}.Debug|Any CPU.ActiveCfg = Debug|Any CPU
		{CC31A390-9142-46A4-825A-066DD83EB7A8}.Debug|Any CPU.Build.0 = Debug|Any CPU
		{CC31A390-9142-46A4-825A-066DD83EB7A8}.Release|Any CPU.ActiveCfg = Release|Any CPU
		{CC31A390-9142-46A4-825A-066DD83EB7A8}.Release|Any CPU.Build.0 = Release|Any CPU
		{CF228858-DB7F-4A51-BEDE-E47330691912}.Debug|Any CPU.ActiveCfg = Debug|Any CPU
		{CF228858-DB7F-4A51-BEDE-E47330691912}.Debug|Any CPU.Build.0 = Debug|Any CPU
		{CF228858-DB7F-4A51-BEDE-E47330691912}.Release|Any CPU.ActiveCfg = Release|Any CPU
		{CF228858-DB7F-4A51-BEDE-E47330691912}.Release|Any CPU.Build.0 = Release|Any CPU
		{C901CF97-0DBD-484C-8DBC-F20379BD8433}.Debug|Any CPU.ActiveCfg = Debug|Any CPU
		{C901CF97-0DBD-484C-8DBC-F20379BD8433}.Debug|Any CPU.Build.0 = Debug|Any CPU
		{C901CF97-0DBD-484C-8DBC-F20379BD8433}.Release|Any CPU.ActiveCfg = Release|Any CPU
		{C901CF97-0DBD-484C-8DBC-F20379BD8433}.Release|Any CPU.Build.0 = Release|Any CPU
		{0DE98D12-9B29-4AEF-AF65-EDFF706C4E3F}.Debug|Any CPU.ActiveCfg = Debug|Any CPU
		{0DE98D12-9B29-4AEF-AF65-EDFF706C4E3F}.Debug|Any CPU.Build.0 = Debug|Any CPU
		{0DE98D12-9B29-4AEF-AF65-EDFF706C4E3F}.Release|Any CPU.ActiveCfg = Release|Any CPU
		{0DE98D12-9B29-4AEF-AF65-EDFF706C4E3F}.Release|Any CPU.Build.0 = Release|Any CPU
		{864F3421-E948-4A5A-BBD1-0A82D71C66E3}.Debug|Any CPU.ActiveCfg = Debug|Any CPU
		{864F3421-E948-4A5A-BBD1-0A82D71C66E3}.Debug|Any CPU.Build.0 = Debug|Any CPU
		{864F3421-E948-4A5A-BBD1-0A82D71C66E3}.Release|Any CPU.ActiveCfg = Release|Any CPU
		{864F3421-E948-4A5A-BBD1-0A82D71C66E3}.Release|Any CPU.Build.0 = Release|Any CPU
	EndGlobalSection
	GlobalSection(SolutionProperties) = preSolution
		HideSolutionNode = FALSE
	EndGlobalSection
	GlobalSection(ExtensibilityGlobals) = postSolution
		SolutionGuid = {034FE749-C7C2-47C0-A379-3E7F4340B449}
	EndGlobalSection
EndGlobal
